// !$*UTF8*$!
{
	archiveVersion = 1;
	classes = {
	};
	objectVersion = 50;
	objects = {

/* Begin PBXBuildFile section */
		E5177A95256BC1FE0006AC6D /* GrafiekManager.swift in Sources */ = {isa = PBXBuildFile; fileRef = E5177A94256BC1FE0006AC6D /* GrafiekManager.swift */; };
		E5177A9D256BC4ED0006AC6D /* ValueItem.swift in Sources */ = {isa = PBXBuildFile; fileRef = E5177A9C256BC4ED0006AC6D /* ValueItem.swift */; };
		E5177AA2256BC56F0006AC6D /* GroeiberekeningResultaatData.swift in Sources */ = {isa = PBXBuildFile; fileRef = E5177AA1256BC56F0006AC6D /* GroeiberekeningResultaatData.swift */; };
		E5177AAB256C31500006AC6D /* RegistreerSporterView.swift in Sources */ = {isa = PBXBuildFile; fileRef = E5177AAA256C31500006AC6D /* RegistreerSporterView.swift */; };
		E5177AB3256C358C0006AC6D /* GebruikerModel.swift in Sources */ = {isa = PBXBuildFile; fileRef = E5177AB2256C358C0006AC6D /* GebruikerModel.swift */; };
		E5177AB8256C38400006AC6D /* RadioButtonFieldView.swift in Sources */ = {isa = PBXBuildFile; fileRef = E5177AB7256C38400006AC6D /* RadioButtonFieldView.swift */; };
		E52938392562D3F900635E51 /* TabBarSporter.swift in Sources */ = {isa = PBXBuildFile; fileRef = E52938382562D3F900635E51 /* TabBarSporter.swift */; };
		E533B94B25669CC6000A186F /* GroeiberekeningResultaat.swift in Sources */ = {isa = PBXBuildFile; fileRef = E533B94A25669CC6000A186F /* GroeiberekeningResultaat.swift */; };
		E533B95025669E73000A186F /* HelpInstructiefilmpje.swift in Sources */ = {isa = PBXBuildFile; fileRef = E533B94F25669E73000A186F /* HelpInstructiefilmpje.swift */; };
		E53E0EE5256FDD9500371C89 /* RegistreerResponse.swift in Sources */ = {isa = PBXBuildFile; fileRef = E53E0EE4256FDD9500371C89 /* RegistreerResponse.swift */; };
		E53E0EEE256FDF7500371C89 /* RegistreerRequest.swift in Sources */ = {isa = PBXBuildFile; fileRef = E53E0EED256FDF7500371C89 /* RegistreerRequest.swift */; };
		E53E0EF62570015C00371C89 /* InputTextFieldView.swift in Sources */ = {isa = PBXBuildFile; fileRef = E53E0EF52570015C00371C89 /* InputTextFieldView.swift */; };
		E53E0EFB2570293400371C89 /* CheckboxFieldView.swift in Sources */ = {isa = PBXBuildFile; fileRef = E53E0EFA2570293400371C89 /* CheckboxFieldView.swift */; };
		E54B9724255EC9B900CE8EA9 /* VideoGroeiberekeningUitleg.swift in Sources */ = {isa = PBXBuildFile; fileRef = E54B9723255EC9B900CE8EA9 /* VideoGroeiberekeningUitleg.swift */; };
		E54B972A255ED65300CE8EA9 /* VideoThumbnail in Resources */ = {isa = PBXBuildFile; fileRef = E54B9729255ED65300CE8EA9 /* VideoThumbnail */; };
		E554E130256EA016008AC163 /* LoginView.swift in Sources */ = {isa = PBXBuildFile; fileRef = E554E12F256EA016008AC163 /* LoginView.swift */; };
		E554E139256EA280008AC163 /* RegistreerService.swift in Sources */ = {isa = PBXBuildFile; fileRef = E554E138256EA280008AC163 /* RegistreerService.swift */; };
		E5557089255A99BF00BB269E /* aphv_iosApp.swift in Sources */ = {isa = PBXBuildFile; fileRef = E5557088255A99BF00BB269E /* aphv_iosApp.swift */; };
		E555708B255A99BF00BB269E /* ContentView.swift in Sources */ = {isa = PBXBuildFile; fileRef = E555708A255A99BF00BB269E /* ContentView.swift */; };
		E555708D255A99BF00BB269E /* Assets.xcassets in Resources */ = {isa = PBXBuildFile; fileRef = E555708C255A99BF00BB269E /* Assets.xcassets */; };
		E5557090255A99BF00BB269E /* Preview Assets.xcassets in Resources */ = {isa = PBXBuildFile; fileRef = E555708F255A99BF00BB269E /* Preview Assets.xcassets */; };
		E555709B255A99C000BB269E /* aphv_iosTests.swift in Sources */ = {isa = PBXBuildFile; fileRef = E555709A255A99C000BB269E /* aphv_iosTests.swift */; };
		E55570A6255A99C000BB269E /* aphv_iosUITests.swift in Sources */ = {isa = PBXBuildFile; fileRef = E55570A5255A99C000BB269E /* aphv_iosUITests.swift */; };
		E556FCC8256D808000EACAF5 /* GebruikerViewModel.swift in Sources */ = {isa = PBXBuildFile; fileRef = E556FCC7256D808000EACAF5 /* GebruikerViewModel.swift */; };
		E5572F0D255E83C000D25FA4 /* UitlegGroeiberekeningResultaten.mp4 in Resources */ = {isa = PBXBuildFile; fileRef = E5572F06255E81BF00D25FA4 /* UitlegGroeiberekeningResultaten.mp4 */; };
		E55BA692255EC11000028DC2 /* TopCurve.swift in Sources */ = {isa = PBXBuildFile; fileRef = E55BA691255EC11000028DC2 /* TopCurve.swift */; };
		E55E5BEB255D76600038DA41 /* GroeiberekeningIntro.swift in Sources */ = {isa = PBXBuildFile; fileRef = E55E5BEA255D76600038DA41 /* GroeiberekeningIntro.swift */; };
		E55E5BF3255D7C370038DA41 /* GroeiberekeningStap1.swift in Sources */ = {isa = PBXBuildFile; fileRef = E55E5BF2255D7C370038DA41 /* GroeiberekeningStap1.swift */; };
		E566CCAF2562903200695A98 /* TabBarSporterOud.swift in Sources */ = {isa = PBXBuildFile; fileRef = E566CCAE2562903200695A98 /* TabBarSporterOud.swift */; };
		E566CCB42562936000695A98 /* HomeSporter.swift in Sources */ = {isa = PBXBuildFile; fileRef = E566CCB32562936000695A98 /* HomeSporter.swift */; };
		E566CCB9256293C200695A98 /* CoachesPagina.swift in Sources */ = {isa = PBXBuildFile; fileRef = E566CCB8256293C200695A98 /* CoachesPagina.swift */; };
		E575D0182567C7AF00BAC36E /* LineGraph.swift in Sources */ = {isa = PBXBuildFile; fileRef = E575D0172567C7AF00BAC36E /* LineGraph.swift */; };
		E575D01E2567C8BA00BAC36E /* GraphView.swift in Sources */ = {isa = PBXBuildFile; fileRef = E575D01D2567C8BA00BAC36E /* GraphView.swift */; };
		E575D0262567CEEF00BAC36E /* MeerdereGrafiekenView.swift in Sources */ = {isa = PBXBuildFile; fileRef = E575D0252567CEEF00BAC36E /* MeerdereGrafiekenView.swift */; };
		E575D02B2567CF6300BAC36E /* Data.swift in Sources */ = {isa = PBXBuildFile; fileRef = E575D02A2567CF6300BAC36E /* Data.swift */; };
		E575D031256806B400BAC36E /* ResultaatItem.swift in Sources */ = {isa = PBXBuildFile; fileRef = E575D030256806B400BAC36E /* ResultaatItem.swift */; };
		E5C51DA325655D5200198EBD /* Color.swift in Sources */ = {isa = PBXBuildFile; fileRef = E5C51DA225655D5200198EBD /* Color.swift */; };
		E5C51DA8256565C600198EBD /* GroeiberekeningStap2.swift in Sources */ = {isa = PBXBuildFile; fileRef = E5C51DA7256565C600198EBD /* GroeiberekeningStap2.swift */; };
		E5C51DAD2565791800198EBD /* GroeiberekeningStap3.swift in Sources */ = {isa = PBXBuildFile; fileRef = E5C51DAC2565791800198EBD /* GroeiberekeningStap3.swift */; };
		E5C7B49F2571422B0097AF84 /* GetUsersResponse.swift in Sources */ = {isa = PBXBuildFile; fileRef = E5C7B49E2571422B0097AF84 /* GetUsersResponse.swift */; };
/* End PBXBuildFile section */

/* Begin PBXContainerItemProxy section */
		E5557097255A99C000BB269E /* PBXContainerItemProxy */ = {
			isa = PBXContainerItemProxy;
			containerPortal = E555707D255A99BF00BB269E /* Project object */;
			proxyType = 1;
			remoteGlobalIDString = E5557084255A99BF00BB269E;
			remoteInfo = "aphv-ios";
		};
		E55570A2255A99C000BB269E /* PBXContainerItemProxy */ = {
			isa = PBXContainerItemProxy;
			containerPortal = E555707D255A99BF00BB269E /* Project object */;
			proxyType = 1;
			remoteGlobalIDString = E5557084255A99BF00BB269E;
			remoteInfo = "aphv-ios";
		};
/* End PBXContainerItemProxy section */

/* Begin PBXFileReference section */
		E5177A94256BC1FE0006AC6D /* GrafiekManager.swift */ = {isa = PBXFileReference; lastKnownFileType = sourcecode.swift; path = GrafiekManager.swift; sourceTree = "<group>"; };
		E5177A9C256BC4ED0006AC6D /* ValueItem.swift */ = {isa = PBXFileReference; lastKnownFileType = sourcecode.swift; path = ValueItem.swift; sourceTree = "<group>"; };
		E5177AA1256BC56F0006AC6D /* GroeiberekeningResultaatData.swift */ = {isa = PBXFileReference; lastKnownFileType = sourcecode.swift; path = GroeiberekeningResultaatData.swift; sourceTree = "<group>"; };
		E5177AAA256C31500006AC6D /* RegistreerSporterView.swift */ = {isa = PBXFileReference; lastKnownFileType = sourcecode.swift; path = RegistreerSporterView.swift; sourceTree = "<group>"; };
		E5177AB2256C358C0006AC6D /* GebruikerModel.swift */ = {isa = PBXFileReference; lastKnownFileType = sourcecode.swift; path = GebruikerModel.swift; sourceTree = "<group>"; };
		E5177AB7256C38400006AC6D /* RadioButtonFieldView.swift */ = {isa = PBXFileReference; lastKnownFileType = sourcecode.swift; path = RadioButtonFieldView.swift; sourceTree = "<group>"; };
		E52938382562D3F900635E51 /* TabBarSporter.swift */ = {isa = PBXFileReference; lastKnownFileType = sourcecode.swift; path = TabBarSporter.swift; sourceTree = "<group>"; };
		E533B94A25669CC6000A186F /* GroeiberekeningResultaat.swift */ = {isa = PBXFileReference; lastKnownFileType = sourcecode.swift; path = GroeiberekeningResultaat.swift; sourceTree = "<group>"; };
		E533B94F25669E73000A186F /* HelpInstructiefilmpje.swift */ = {isa = PBXFileReference; lastKnownFileType = sourcecode.swift; path = HelpInstructiefilmpje.swift; sourceTree = "<group>"; };
		E53E0EE4256FDD9500371C89 /* RegistreerResponse.swift */ = {isa = PBXFileReference; lastKnownFileType = sourcecode.swift; path = RegistreerResponse.swift; sourceTree = "<group>"; };
		E53E0EED256FDF7500371C89 /* RegistreerRequest.swift */ = {isa = PBXFileReference; lastKnownFileType = sourcecode.swift; path = RegistreerRequest.swift; sourceTree = "<group>"; };
		E53E0EF52570015C00371C89 /* InputTextFieldView.swift */ = {isa = PBXFileReference; lastKnownFileType = sourcecode.swift; path = InputTextFieldView.swift; sourceTree = "<group>"; };
		E53E0EFA2570293400371C89 /* CheckboxFieldView.swift */ = {isa = PBXFileReference; lastKnownFileType = sourcecode.swift; path = CheckboxFieldView.swift; sourceTree = "<group>"; };
		E54B9723255EC9B900CE8EA9 /* VideoGroeiberekeningUitleg.swift */ = {isa = PBXFileReference; lastKnownFileType = sourcecode.swift; path = VideoGroeiberekeningUitleg.swift; sourceTree = "<group>"; };
		E54B9729255ED65300CE8EA9 /* VideoThumbnail */ = {isa = PBXFileReference; lastKnownFileType = folder; name = VideoThumbnail; path = ../../../../../VideoThumbnail; sourceTree = "<group>"; };
		E554E12F256EA016008AC163 /* LoginView.swift */ = {isa = PBXFileReference; lastKnownFileType = sourcecode.swift; path = LoginView.swift; sourceTree = "<group>"; };
		E554E138256EA280008AC163 /* RegistreerService.swift */ = {isa = PBXFileReference; lastKnownFileType = sourcecode.swift; path = RegistreerService.swift; sourceTree = "<group>"; };
		E5557085255A99BF00BB269E /* aphv-ios.app */ = {isa = PBXFileReference; explicitFileType = wrapper.application; includeInIndex = 0; path = "aphv-ios.app"; sourceTree = BUILT_PRODUCTS_DIR; };
		E5557088255A99BF00BB269E /* aphv_iosApp.swift */ = {isa = PBXFileReference; lastKnownFileType = sourcecode.swift; path = aphv_iosApp.swift; sourceTree = "<group>"; };
		E555708A255A99BF00BB269E /* ContentView.swift */ = {isa = PBXFileReference; lastKnownFileType = sourcecode.swift; path = ContentView.swift; sourceTree = "<group>"; };
		E555708C255A99BF00BB269E /* Assets.xcassets */ = {isa = PBXFileReference; lastKnownFileType = folder.assetcatalog; path = Assets.xcassets; sourceTree = "<group>"; };
		E555708F255A99BF00BB269E /* Preview Assets.xcassets */ = {isa = PBXFileReference; lastKnownFileType = folder.assetcatalog; path = "Preview Assets.xcassets"; sourceTree = "<group>"; };
		E5557091255A99BF00BB269E /* Info.plist */ = {isa = PBXFileReference; lastKnownFileType = text.plist.xml; path = Info.plist; sourceTree = "<group>"; };
		E5557096255A99C000BB269E /* aphv-iosTests.xctest */ = {isa = PBXFileReference; explicitFileType = wrapper.cfbundle; includeInIndex = 0; path = "aphv-iosTests.xctest"; sourceTree = BUILT_PRODUCTS_DIR; };
		E555709A255A99C000BB269E /* aphv_iosTests.swift */ = {isa = PBXFileReference; lastKnownFileType = sourcecode.swift; path = aphv_iosTests.swift; sourceTree = "<group>"; };
		E555709C255A99C000BB269E /* Info.plist */ = {isa = PBXFileReference; lastKnownFileType = text.plist.xml; path = Info.plist; sourceTree = "<group>"; };
		E55570A1255A99C000BB269E /* aphv-iosUITests.xctest */ = {isa = PBXFileReference; explicitFileType = wrapper.cfbundle; includeInIndex = 0; path = "aphv-iosUITests.xctest"; sourceTree = BUILT_PRODUCTS_DIR; };
		E55570A5255A99C000BB269E /* aphv_iosUITests.swift */ = {isa = PBXFileReference; lastKnownFileType = sourcecode.swift; path = aphv_iosUITests.swift; sourceTree = "<group>"; };
		E55570A7255A99C000BB269E /* Info.plist */ = {isa = PBXFileReference; lastKnownFileType = text.plist.xml; path = Info.plist; sourceTree = "<group>"; };
		E556FCC7256D808000EACAF5 /* GebruikerViewModel.swift */ = {isa = PBXFileReference; lastKnownFileType = sourcecode.swift; path = GebruikerViewModel.swift; sourceTree = "<group>"; };
		E5572F06255E81BF00D25FA4 /* UitlegGroeiberekeningResultaten.mp4 */ = {isa = PBXFileReference; lastKnownFileType = file; path = UitlegGroeiberekeningResultaten.mp4; sourceTree = "<group>"; };
		E55BA691255EC11000028DC2 /* TopCurve.swift */ = {isa = PBXFileReference; lastKnownFileType = sourcecode.swift; path = TopCurve.swift; sourceTree = "<group>"; };
		E55E5BEA255D76600038DA41 /* GroeiberekeningIntro.swift */ = {isa = PBXFileReference; lastKnownFileType = sourcecode.swift; path = GroeiberekeningIntro.swift; sourceTree = "<group>"; };
		E55E5BF2255D7C370038DA41 /* GroeiberekeningStap1.swift */ = {isa = PBXFileReference; lastKnownFileType = sourcecode.swift; path = GroeiberekeningStap1.swift; sourceTree = "<group>"; };
		E566CCAE2562903200695A98 /* TabBarSporterOud.swift */ = {isa = PBXFileReference; lastKnownFileType = sourcecode.swift; path = TabBarSporterOud.swift; sourceTree = "<group>"; };
		E566CCB32562936000695A98 /* HomeSporter.swift */ = {isa = PBXFileReference; lastKnownFileType = sourcecode.swift; path = HomeSporter.swift; sourceTree = "<group>"; };
		E566CCB8256293C200695A98 /* CoachesPagina.swift */ = {isa = PBXFileReference; lastKnownFileType = sourcecode.swift; path = CoachesPagina.swift; sourceTree = "<group>"; };
		E575D0172567C7AF00BAC36E /* LineGraph.swift */ = {isa = PBXFileReference; lastKnownFileType = sourcecode.swift; path = LineGraph.swift; sourceTree = "<group>"; };
		E575D01D2567C8BA00BAC36E /* GraphView.swift */ = {isa = PBXFileReference; lastKnownFileType = sourcecode.swift; path = GraphView.swift; sourceTree = "<group>"; };
		E575D0252567CEEF00BAC36E /* MeerdereGrafiekenView.swift */ = {isa = PBXFileReference; lastKnownFileType = sourcecode.swift; path = MeerdereGrafiekenView.swift; sourceTree = "<group>"; };
		E575D02A2567CF6300BAC36E /* Data.swift */ = {isa = PBXFileReference; lastKnownFileType = sourcecode.swift; path = Data.swift; sourceTree = "<group>"; };
		E575D030256806B400BAC36E /* ResultaatItem.swift */ = {isa = PBXFileReference; lastKnownFileType = sourcecode.swift; path = ResultaatItem.swift; sourceTree = "<group>"; };
		E5C51DA225655D5200198EBD /* Color.swift */ = {isa = PBXFileReference; lastKnownFileType = sourcecode.swift; path = Color.swift; sourceTree = "<group>"; };
		E5C51DA7256565C600198EBD /* GroeiberekeningStap2.swift */ = {isa = PBXFileReference; lastKnownFileType = sourcecode.swift; path = GroeiberekeningStap2.swift; sourceTree = "<group>"; };
		E5C51DAC2565791800198EBD /* GroeiberekeningStap3.swift */ = {isa = PBXFileReference; lastKnownFileType = sourcecode.swift; path = GroeiberekeningStap3.swift; sourceTree = "<group>"; };
		E5C7B49E2571422B0097AF84 /* GetUsersResponse.swift */ = {isa = PBXFileReference; lastKnownFileType = sourcecode.swift; path = GetUsersResponse.swift; sourceTree = "<group>"; };
/* End PBXFileReference section */

/* Begin PBXFrameworksBuildPhase section */
		E5557082255A99BF00BB269E /* Frameworks */ = {
			isa = PBXFrameworksBuildPhase;
			buildActionMask = 2147483647;
			files = (
			);
			runOnlyForDeploymentPostprocessing = 0;
		};
		E5557093255A99C000BB269E /* Frameworks */ = {
			isa = PBXFrameworksBuildPhase;
			buildActionMask = 2147483647;
			files = (
			);
			runOnlyForDeploymentPostprocessing = 0;
		};
		E555709E255A99C000BB269E /* Frameworks */ = {
			isa = PBXFrameworksBuildPhase;
			buildActionMask = 2147483647;
			files = (
			);
			runOnlyForDeploymentPostprocessing = 0;
		};
/* End PBXFrameworksBuildPhase section */

/* Begin PBXGroup section */
		E5177A93256BC1AB0006AC6D /* ViewModels */ = {
			isa = PBXGroup;
			children = (
				E5177A94256BC1FE0006AC6D /* GrafiekManager.swift */,
				E556FCC7256D808000EACAF5 /* GebruikerViewModel.swift */,
			);
			path = ViewModels;
			sourceTree = "<group>";
		};
		E5177AA9256C31180006AC6D /* Registreren */ = {
			isa = PBXGroup;
			children = (
				E5177AAA256C31500006AC6D /* RegistreerSporterView.swift */,
				E5177AB7256C38400006AC6D /* RadioButtonFieldView.swift */,
			);
			path = Registreren;
			sourceTree = "<group>";
		};
		E53E0EE2256FDD7200371C89 /* Responses */ = {
			isa = PBXGroup;
			children = (
				E53E0EE4256FDD9500371C89 /* RegistreerResponse.swift */,
				E5C7B49E2571422B0097AF84 /* GetUsersResponse.swift */,
			);
			path = Responses;
			sourceTree = "<group>";
		};
		E53E0EEC256FDF4B00371C89 /* Requests */ = {
			isa = PBXGroup;
			children = (
				E53E0EED256FDF7500371C89 /* RegistreerRequest.swift */,
			);
			path = Requests;
			sourceTree = "<group>";
		};
		E54B9728255ED63100CE8EA9 /* Images */ = {
			isa = PBXGroup;
			children = (
				E54B9729255ED65300CE8EA9 /* VideoThumbnail */,
			);
			path = Images;
			sourceTree = "<group>";
		};
		E554E12E256E9FF7008AC163 /* Inloggen */ = {
			isa = PBXGroup;
			children = (
				E554E12F256EA016008AC163 /* LoginView.swift */,
			);
			path = Inloggen;
			sourceTree = "<group>";
		};
		E554E137256EA24A008AC163 /* Services */ = {
			isa = PBXGroup;
			children = (
				E53E0EEC256FDF4B00371C89 /* Requests */,
				E53E0EE2256FDD7200371C89 /* Responses */,
				E554E138256EA280008AC163 /* RegistreerService.swift */,
			);
			path = Services;
			sourceTree = "<group>";
		};
		E555707C255A99BF00BB269E = {
			isa = PBXGroup;
			children = (
				E5557087255A99BF00BB269E /* aphv-ios */,
				E5557099255A99C000BB269E /* aphv-iosTests */,
				E55570A4255A99C000BB269E /* aphv-iosUITests */,
				E5557086255A99BF00BB269E /* Products */,
			);
			sourceTree = "<group>";
		};
		E5557086255A99BF00BB269E /* Products */ = {
			isa = PBXGroup;
			children = (
				E5557085255A99BF00BB269E /* aphv-ios.app */,
				E5557096255A99C000BB269E /* aphv-iosTests.xctest */,
				E55570A1255A99C000BB269E /* aphv-iosUITests.xctest */,
			);
			name = Products;
			sourceTree = "<group>";
		};
		E5557087255A99BF00BB269E /* aphv-ios */ = {
			isa = PBXGroup;
			children = (
				E554E137256EA24A008AC163 /* Services */,
				E5177A93256BC1AB0006AC6D /* ViewModels */,
				E575D02F2567F52400BAC36E /* Models */,
				E5572F04255E81A700D25FA4 /* Content */,
				E55E5BFA255D8C2F0038DA41 /* Extensions */,
				E55E5BE9255D75D40038DA41 /* Views */,
				E5557088255A99BF00BB269E /* aphv_iosApp.swift */,
				E555708A255A99BF00BB269E /* ContentView.swift */,
				E555708C255A99BF00BB269E /* Assets.xcassets */,
				E5557091255A99BF00BB269E /* Info.plist */,
				E555708E255A99BF00BB269E /* Preview Content */,
				E575D02A2567CF6300BAC36E /* Data.swift */,
			);
			path = "aphv-ios";
			sourceTree = "<group>";
		};
		E555708E255A99BF00BB269E /* Preview Content */ = {
			isa = PBXGroup;
			children = (
				E555708F255A99BF00BB269E /* Preview Assets.xcassets */,
			);
			path = "Preview Content";
			sourceTree = "<group>";
		};
		E5557099255A99C000BB269E /* aphv-iosTests */ = {
			isa = PBXGroup;
			children = (
				E555709A255A99C000BB269E /* aphv_iosTests.swift */,
				E555709C255A99C000BB269E /* Info.plist */,
			);
			path = "aphv-iosTests";
			sourceTree = "<group>";
		};
		E55570A4255A99C000BB269E /* aphv-iosUITests */ = {
			isa = PBXGroup;
			children = (
				E55570A5255A99C000BB269E /* aphv_iosUITests.swift */,
				E55570A7255A99C000BB269E /* Info.plist */,
			);
			path = "aphv-iosUITests";
			sourceTree = "<group>";
		};
		E55588AC25669978001EA75B /* Groeiberekening */ = {
			isa = PBXGroup;
			children = (
				E575D01C2567C8A700BAC36E /* Grafiek */,
				E55E5BEA255D76600038DA41 /* GroeiberekeningIntro.swift */,
				E54B9723255EC9B900CE8EA9 /* VideoGroeiberekeningUitleg.swift */,
				E55E5BF2255D7C370038DA41 /* GroeiberekeningStap1.swift */,
				E5C51DA7256565C600198EBD /* GroeiberekeningStap2.swift */,
				E5C51DAC2565791800198EBD /* GroeiberekeningStap3.swift */,
				E533B94A25669CC6000A186F /* GroeiberekeningResultaat.swift */,
				E533B94F25669E73000A186F /* HelpInstructiefilmpje.swift */,
			);
			path = Groeiberekening;
			sourceTree = "<group>";
		};
		E556FCD6256D83A000EACAF5 /* Grafiek */ = {
			isa = PBXGroup;
			children = (
				E5177AA1256BC56F0006AC6D /* GroeiberekeningResultaatData.swift */,
				E5177A9C256BC4ED0006AC6D /* ValueItem.swift */,
				E575D030256806B400BAC36E /* ResultaatItem.swift */,
			);
			path = Grafiek;
			sourceTree = "<group>";
		};
		E5572F04255E81A700D25FA4 /* Content */ = {
			isa = PBXGroup;
			children = (
				E54B9728255ED63100CE8EA9 /* Images */,
				E5572F05255E81B300D25FA4 /* Videos */,
			);
			path = Content;
			sourceTree = "<group>";
		};
		E5572F05255E81B300D25FA4 /* Videos */ = {
			isa = PBXGroup;
			children = (
				E5572F06255E81BF00D25FA4 /* UitlegGroeiberekeningResultaten.mp4 */,
			);
			path = Videos;
			sourceTree = "<group>";
		};
		E55E5BE9255D75D40038DA41 /* Views */ = {
			isa = PBXGroup;
			children = (
				E554E12E256E9FF7008AC163 /* Inloggen */,
				E5177AA9256C31180006AC6D /* Registreren */,
				E55588AC25669978001EA75B /* Groeiberekening */,
				E55BA691255EC11000028DC2 /* TopCurve.swift */,
				E566CCAE2562903200695A98 /* TabBarSporterOud.swift */,
				E566CCB32562936000695A98 /* HomeSporter.swift */,
				E566CCB8256293C200695A98 /* CoachesPagina.swift */,
				E52938382562D3F900635E51 /* TabBarSporter.swift */,
				E53E0EF52570015C00371C89 /* InputTextFieldView.swift */,
				E53E0EFA2570293400371C89 /* CheckboxFieldView.swift */,
			);
			path = Views;
			sourceTree = "<group>";
		};
		E55E5BFA255D8C2F0038DA41 /* Extensions */ = {
			isa = PBXGroup;
			children = (
				E5C51DA225655D5200198EBD /* Color.swift */,
			);
			path = Extensions;
			sourceTree = "<group>";
		};
		E575D01C2567C8A700BAC36E /* Grafiek */ = {
			isa = PBXGroup;
			children = (
				E575D0172567C7AF00BAC36E /* LineGraph.swift */,
				E575D01D2567C8BA00BAC36E /* GraphView.swift */,
				E575D0252567CEEF00BAC36E /* MeerdereGrafiekenView.swift */,
			);
			path = Grafiek;
			sourceTree = "<group>";
		};
		E575D02F2567F52400BAC36E /* Models */ = {
			isa = PBXGroup;
			children = (
				E556FCD6256D83A000EACAF5 /* Grafiek */,
				E5177AB2256C358C0006AC6D /* GebruikerModel.swift */,
			);
			path = Models;
			sourceTree = "<group>";
		};
/* End PBXGroup section */

/* Begin PBXNativeTarget section */
		E5557084255A99BF00BB269E /* aphv-ios */ = {
			isa = PBXNativeTarget;
			buildConfigurationList = E55570AA255A99C000BB269E /* Build configuration list for PBXNativeTarget "aphv-ios" */;
			buildPhases = (
				E5557081255A99BF00BB269E /* Sources */,
				E5557082255A99BF00BB269E /* Frameworks */,
				E5557083255A99BF00BB269E /* Resources */,
			);
			buildRules = (
			);
			dependencies = (
			);
			name = "aphv-ios";
			productName = "aphv-ios";
			productReference = E5557085255A99BF00BB269E /* aphv-ios.app */;
			productType = "com.apple.product-type.application";
		};
		E5557095255A99C000BB269E /* aphv-iosTests */ = {
			isa = PBXNativeTarget;
			buildConfigurationList = E55570AD255A99C000BB269E /* Build configuration list for PBXNativeTarget "aphv-iosTests" */;
			buildPhases = (
				E5557092255A99C000BB269E /* Sources */,
				E5557093255A99C000BB269E /* Frameworks */,
				E5557094255A99C000BB269E /* Resources */,
			);
			buildRules = (
			);
			dependencies = (
				E5557098255A99C000BB269E /* PBXTargetDependency */,
			);
			name = "aphv-iosTests";
			productName = "aphv-iosTests";
			productReference = E5557096255A99C000BB269E /* aphv-iosTests.xctest */;
			productType = "com.apple.product-type.bundle.unit-test";
		};
		E55570A0255A99C000BB269E /* aphv-iosUITests */ = {
			isa = PBXNativeTarget;
			buildConfigurationList = E55570B0255A99C000BB269E /* Build configuration list for PBXNativeTarget "aphv-iosUITests" */;
			buildPhases = (
				E555709D255A99C000BB269E /* Sources */,
				E555709E255A99C000BB269E /* Frameworks */,
				E555709F255A99C000BB269E /* Resources */,
			);
			buildRules = (
			);
			dependencies = (
				E55570A3255A99C000BB269E /* PBXTargetDependency */,
			);
			name = "aphv-iosUITests";
			productName = "aphv-iosUITests";
			productReference = E55570A1255A99C000BB269E /* aphv-iosUITests.xctest */;
			productType = "com.apple.product-type.bundle.ui-testing";
		};
/* End PBXNativeTarget section */

/* Begin PBXProject section */
		E555707D255A99BF00BB269E /* Project object */ = {
			isa = PBXProject;
			attributes = {
				LastSwiftUpdateCheck = 1210;
				LastUpgradeCheck = 1210;
				TargetAttributes = {
					E5557084255A99BF00BB269E = {
						CreatedOnToolsVersion = 12.1;
					};
					E5557095255A99C000BB269E = {
						CreatedOnToolsVersion = 12.1;
						TestTargetID = E5557084255A99BF00BB269E;
					};
					E55570A0255A99C000BB269E = {
						CreatedOnToolsVersion = 12.1;
						TestTargetID = E5557084255A99BF00BB269E;
					};
				};
			};
			buildConfigurationList = E5557080255A99BF00BB269E /* Build configuration list for PBXProject "aphv-ios" */;
			compatibilityVersion = "Xcode 9.3";
			developmentRegion = en;
			hasScannedForEncodings = 0;
			knownRegions = (
				en,
				Base,
			);
			mainGroup = E555707C255A99BF00BB269E;
			productRefGroup = E5557086255A99BF00BB269E /* Products */;
			projectDirPath = "";
			projectRoot = "";
			targets = (
				E5557084255A99BF00BB269E /* aphv-ios */,
				E5557095255A99C000BB269E /* aphv-iosTests */,
				E55570A0255A99C000BB269E /* aphv-iosUITests */,
			);
		};
/* End PBXProject section */

/* Begin PBXResourcesBuildPhase section */
		E5557083255A99BF00BB269E /* Resources */ = {
			isa = PBXResourcesBuildPhase;
			buildActionMask = 2147483647;
			files = (
				E5572F0D255E83C000D25FA4 /* UitlegGroeiberekeningResultaten.mp4 in Resources */,
				E54B972A255ED65300CE8EA9 /* VideoThumbnail in Resources */,
				E5557090255A99BF00BB269E /* Preview Assets.xcassets in Resources */,
				E555708D255A99BF00BB269E /* Assets.xcassets in Resources */,
			);
			runOnlyForDeploymentPostprocessing = 0;
		};
		E5557094255A99C000BB269E /* Resources */ = {
			isa = PBXResourcesBuildPhase;
			buildActionMask = 2147483647;
			files = (
			);
			runOnlyForDeploymentPostprocessing = 0;
		};
		E555709F255A99C000BB269E /* Resources */ = {
			isa = PBXResourcesBuildPhase;
			buildActionMask = 2147483647;
			files = (
			);
			runOnlyForDeploymentPostprocessing = 0;
		};
/* End PBXResourcesBuildPhase section */

/* Begin PBXSourcesBuildPhase section */
		E5557081255A99BF00BB269E /* Sources */ = {
			isa = PBXSourcesBuildPhase;
			buildActionMask = 2147483647;
			files = (
				E5177AA2256BC56F0006AC6D /* GroeiberekeningResultaatData.swift in Sources */,
				E555708B255A99BF00BB269E /* ContentView.swift in Sources */,
				E566CCB9256293C200695A98 /* CoachesPagina.swift in Sources */,
				E53E0EFB2570293400371C89 /* CheckboxFieldView.swift in Sources */,
				E5C51DA325655D5200198EBD /* Color.swift in Sources */,
				E5177AAB256C31500006AC6D /* RegistreerSporterView.swift in Sources */,
				E5C51DA8256565C600198EBD /* GroeiberekeningStap2.swift in Sources */,
				E575D0182567C7AF00BAC36E /* LineGraph.swift in Sources */,
				E53E0EF62570015C00371C89 /* InputTextFieldView.swift in Sources */,
				E55E5BEB255D76600038DA41 /* GroeiberekeningIntro.swift in Sources */,
				E5177AB3256C358C0006AC6D /* GebruikerModel.swift in Sources */,
				E5177AB8256C38400006AC6D /* RadioButtonFieldView.swift in Sources */,
				E566CCAF2562903200695A98 /* TabBarSporterOud.swift in Sources */,
				E54B9724255EC9B900CE8EA9 /* VideoGroeiberekeningUitleg.swift in Sources */,
				E5C7B49F2571422B0097AF84 /* GetUsersResponse.swift in Sources */,
				E5177A9D256BC4ED0006AC6D /* ValueItem.swift in Sources */,
				E575D0262567CEEF00BAC36E /* MeerdereGrafiekenView.swift in Sources */,
				E566CCB42562936000695A98 /* HomeSporter.swift in Sources */,
				E5177A95256BC1FE0006AC6D /* GrafiekManager.swift in Sources */,
				E55E5BF3255D7C370038DA41 /* GroeiberekeningStap1.swift in Sources */,
				E52938392562D3F900635E51 /* TabBarSporter.swift in Sources */,
				E53E0EE5256FDD9500371C89 /* RegistreerResponse.swift in Sources */,
				E556FCC8256D808000EACAF5 /* GebruikerViewModel.swift in Sources */,
				E55BA692255EC11000028DC2 /* TopCurve.swift in Sources */,
				E53E0EEE256FDF7500371C89 /* RegistreerRequest.swift in Sources */,
				E5C51DAD2565791800198EBD /* GroeiberekeningStap3.swift in Sources */,
				E575D01E2567C8BA00BAC36E /* GraphView.swift in Sources */,
				E554E130256EA016008AC163 /* LoginView.swift in Sources */,
				E533B94B25669CC6000A186F /* GroeiberekeningResultaat.swift in Sources */,
				E575D02B2567CF6300BAC36E /* Data.swift in Sources */,
				E5557089255A99BF00BB269E /* aphv_iosApp.swift in Sources */,
				E575D031256806B400BAC36E /* ResultaatItem.swift in Sources */,
				E533B95025669E73000A186F /* HelpInstructiefilmpje.swift in Sources */,
				E554E139256EA280008AC163 /* RegistreerService.swift in Sources */,
			);
			runOnlyForDeploymentPostprocessing = 0;
		};
		E5557092255A99C000BB269E /* Sources */ = {
			isa = PBXSourcesBuildPhase;
			buildActionMask = 2147483647;
			files = (
				E555709B255A99C000BB269E /* aphv_iosTests.swift in Sources */,
			);
			runOnlyForDeploymentPostprocessing = 0;
		};
		E555709D255A99C000BB269E /* Sources */ = {
			isa = PBXSourcesBuildPhase;
			buildActionMask = 2147483647;
			files = (
				E55570A6255A99C000BB269E /* aphv_iosUITests.swift in Sources */,
			);
			runOnlyForDeploymentPostprocessing = 0;
		};
/* End PBXSourcesBuildPhase section */

/* Begin PBXTargetDependency section */
		E5557098255A99C000BB269E /* PBXTargetDependency */ = {
			isa = PBXTargetDependency;
			target = E5557084255A99BF00BB269E /* aphv-ios */;
			targetProxy = E5557097255A99C000BB269E /* PBXContainerItemProxy */;
		};
		E55570A3255A99C000BB269E /* PBXTargetDependency */ = {
			isa = PBXTargetDependency;
			target = E5557084255A99BF00BB269E /* aphv-ios */;
			targetProxy = E55570A2255A99C000BB269E /* PBXContainerItemProxy */;
		};
/* End PBXTargetDependency section */

/* Begin XCBuildConfiguration section */
		E55570A8255A99C000BB269E /* Debug */ = {
			isa = XCBuildConfiguration;
			buildSettings = {
				ALWAYS_SEARCH_USER_PATHS = NO;
				CLANG_ANALYZER_NONNULL = YES;
				CLANG_ANALYZER_NUMBER_OBJECT_CONVERSION = YES_AGGRESSIVE;
				CLANG_CXX_LANGUAGE_STANDARD = "gnu++14";
				CLANG_CXX_LIBRARY = "libc++";
				CLANG_ENABLE_MODULES = YES;
				CLANG_ENABLE_OBJC_ARC = YES;
				CLANG_ENABLE_OBJC_WEAK = YES;
				CLANG_WARN_BLOCK_CAPTURE_AUTORELEASING = YES;
				CLANG_WARN_BOOL_CONVERSION = YES;
				CLANG_WARN_COMMA = YES;
				CLANG_WARN_CONSTANT_CONVERSION = YES;
				CLANG_WARN_DEPRECATED_OBJC_IMPLEMENTATIONS = YES;
				CLANG_WARN_DIRECT_OBJC_ISA_USAGE = YES_ERROR;
				CLANG_WARN_DOCUMENTATION_COMMENTS = YES;
				CLANG_WARN_EMPTY_BODY = YES;
				CLANG_WARN_ENUM_CONVERSION = YES;
				CLANG_WARN_INFINITE_RECURSION = YES;
				CLANG_WARN_INT_CONVERSION = YES;
				CLANG_WARN_NON_LITERAL_NULL_CONVERSION = YES;
				CLANG_WARN_OBJC_IMPLICIT_RETAIN_SELF = YES;
				CLANG_WARN_OBJC_LITERAL_CONVERSION = YES;
				CLANG_WARN_OBJC_ROOT_CLASS = YES_ERROR;
				CLANG_WARN_QUOTED_INCLUDE_IN_FRAMEWORK_HEADER = YES;
				CLANG_WARN_RANGE_LOOP_ANALYSIS = YES;
				CLANG_WARN_STRICT_PROTOTYPES = YES;
				CLANG_WARN_SUSPICIOUS_MOVE = YES;
				CLANG_WARN_UNGUARDED_AVAILABILITY = YES_AGGRESSIVE;
				CLANG_WARN_UNREACHABLE_CODE = YES;
				CLANG_WARN__DUPLICATE_METHOD_MATCH = YES;
				COPY_PHASE_STRIP = NO;
				DEBUG_INFORMATION_FORMAT = dwarf;
				ENABLE_STRICT_OBJC_MSGSEND = YES;
				ENABLE_TESTABILITY = YES;
				GCC_C_LANGUAGE_STANDARD = gnu11;
				GCC_DYNAMIC_NO_PIC = NO;
				GCC_NO_COMMON_BLOCKS = YES;
				GCC_OPTIMIZATION_LEVEL = 0;
				GCC_PREPROCESSOR_DEFINITIONS = (
					"DEBUG=1",
					"$(inherited)",
				);
				GCC_WARN_64_TO_32_BIT_CONVERSION = YES;
				GCC_WARN_ABOUT_RETURN_TYPE = YES_ERROR;
				GCC_WARN_UNDECLARED_SELECTOR = YES;
				GCC_WARN_UNINITIALIZED_AUTOS = YES_AGGRESSIVE;
				GCC_WARN_UNUSED_FUNCTION = YES;
				GCC_WARN_UNUSED_VARIABLE = YES;
				IPHONEOS_DEPLOYMENT_TARGET = 14.1;
				MTL_ENABLE_DEBUG_INFO = INCLUDE_SOURCE;
				MTL_FAST_MATH = YES;
				ONLY_ACTIVE_ARCH = YES;
				SDKROOT = iphoneos;
				SWIFT_ACTIVE_COMPILATION_CONDITIONS = DEBUG;
				SWIFT_OPTIMIZATION_LEVEL = "-Onone";
			};
			name = Debug;
		};
		E55570A9255A99C000BB269E /* Release */ = {
			isa = XCBuildConfiguration;
			buildSettings = {
				ALWAYS_SEARCH_USER_PATHS = NO;
				CLANG_ANALYZER_NONNULL = YES;
				CLANG_ANALYZER_NUMBER_OBJECT_CONVERSION = YES_AGGRESSIVE;
				CLANG_CXX_LANGUAGE_STANDARD = "gnu++14";
				CLANG_CXX_LIBRARY = "libc++";
				CLANG_ENABLE_MODULES = YES;
				CLANG_ENABLE_OBJC_ARC = YES;
				CLANG_ENABLE_OBJC_WEAK = YES;
				CLANG_WARN_BLOCK_CAPTURE_AUTORELEASING = YES;
				CLANG_WARN_BOOL_CONVERSION = YES;
				CLANG_WARN_COMMA = YES;
				CLANG_WARN_CONSTANT_CONVERSION = YES;
				CLANG_WARN_DEPRECATED_OBJC_IMPLEMENTATIONS = YES;
				CLANG_WARN_DIRECT_OBJC_ISA_USAGE = YES_ERROR;
				CLANG_WARN_DOCUMENTATION_COMMENTS = YES;
				CLANG_WARN_EMPTY_BODY = YES;
				CLANG_WARN_ENUM_CONVERSION = YES;
				CLANG_WARN_INFINITE_RECURSION = YES;
				CLANG_WARN_INT_CONVERSION = YES;
				CLANG_WARN_NON_LITERAL_NULL_CONVERSION = YES;
				CLANG_WARN_OBJC_IMPLICIT_RETAIN_SELF = YES;
				CLANG_WARN_OBJC_LITERAL_CONVERSION = YES;
				CLANG_WARN_OBJC_ROOT_CLASS = YES_ERROR;
				CLANG_WARN_QUOTED_INCLUDE_IN_FRAMEWORK_HEADER = YES;
				CLANG_WARN_RANGE_LOOP_ANALYSIS = YES;
				CLANG_WARN_STRICT_PROTOTYPES = YES;
				CLANG_WARN_SUSPICIOUS_MOVE = YES;
				CLANG_WARN_UNGUARDED_AVAILABILITY = YES_AGGRESSIVE;
				CLANG_WARN_UNREACHABLE_CODE = YES;
				CLANG_WARN__DUPLICATE_METHOD_MATCH = YES;
				COPY_PHASE_STRIP = NO;
				DEBUG_INFORMATION_FORMAT = "dwarf-with-dsym";
				ENABLE_NS_ASSERTIONS = NO;
				ENABLE_STRICT_OBJC_MSGSEND = YES;
				GCC_C_LANGUAGE_STANDARD = gnu11;
				GCC_NO_COMMON_BLOCKS = YES;
				GCC_WARN_64_TO_32_BIT_CONVERSION = YES;
				GCC_WARN_ABOUT_RETURN_TYPE = YES_ERROR;
				GCC_WARN_UNDECLARED_SELECTOR = YES;
				GCC_WARN_UNINITIALIZED_AUTOS = YES_AGGRESSIVE;
				GCC_WARN_UNUSED_FUNCTION = YES;
				GCC_WARN_UNUSED_VARIABLE = YES;
				IPHONEOS_DEPLOYMENT_TARGET = 14.1;
				MTL_ENABLE_DEBUG_INFO = NO;
				MTL_FAST_MATH = YES;
				SDKROOT = iphoneos;
				SWIFT_COMPILATION_MODE = wholemodule;
				SWIFT_OPTIMIZATION_LEVEL = "-O";
				VALIDATE_PRODUCT = YES;
			};
			name = Release;
		};
		E55570AB255A99C000BB269E /* Debug */ = {
			isa = XCBuildConfiguration;
			buildSettings = {
				ASSETCATALOG_COMPILER_APPICON_NAME = AppIcon;
				ASSETCATALOG_COMPILER_GLOBAL_ACCENT_COLOR_NAME = AccentColor;
				CODE_SIGN_STYLE = Automatic;
				DEVELOPMENT_ASSET_PATHS = "\"aphv-ios/Preview Content\"";
				ENABLE_PREVIEWS = YES;
				INFOPLIST_FILE = "aphv-ios/Info.plist";
				IPHONEOS_DEPLOYMENT_TARGET = 14.0;
				LD_RUNPATH_SEARCH_PATHS = (
					"$(inherited)",
					"@executable_path/Frameworks",
				);
				PRODUCT_BUNDLE_IDENTIFIER = "groep2.aphv-ios";
				PRODUCT_NAME = "$(TARGET_NAME)";
				SWIFT_VERSION = 5.0;
				TARGETED_DEVICE_FAMILY = "1,2";
			};
			name = Debug;
		};
		E55570AC255A99C000BB269E /* Release */ = {
			isa = XCBuildConfiguration;
			buildSettings = {
				ASSETCATALOG_COMPILER_APPICON_NAME = AppIcon;
				ASSETCATALOG_COMPILER_GLOBAL_ACCENT_COLOR_NAME = AccentColor;
				CODE_SIGN_STYLE = Automatic;
				DEVELOPMENT_ASSET_PATHS = "\"aphv-ios/Preview Content\"";
				ENABLE_PREVIEWS = YES;
				INFOPLIST_FILE = "aphv-ios/Info.plist";
				IPHONEOS_DEPLOYMENT_TARGET = 14.0;
				LD_RUNPATH_SEARCH_PATHS = (
					"$(inherited)",
					"@executable_path/Frameworks",
				);
				PRODUCT_BUNDLE_IDENTIFIER = "groep2.aphv-ios";
				PRODUCT_NAME = "$(TARGET_NAME)";
				SWIFT_VERSION = 5.0;
				TARGETED_DEVICE_FAMILY = "1,2";
			};
			name = Release;
		};
		E55570AE255A99C000BB269E /* Debug */ = {
			isa = XCBuildConfiguration;
			buildSettings = {
				ALWAYS_EMBED_SWIFT_STANDARD_LIBRARIES = YES;
				BUNDLE_LOADER = "$(TEST_HOST)";
				CODE_SIGN_STYLE = Automatic;
				INFOPLIST_FILE = "aphv-iosTests/Info.plist";
				IPHONEOS_DEPLOYMENT_TARGET = 14.0;
				LD_RUNPATH_SEARCH_PATHS = (
					"$(inherited)",
					"@executable_path/Frameworks",
					"@loader_path/Frameworks",
				);
				PRODUCT_BUNDLE_IDENTIFIER = "groep2.aphv-iosTests";
				PRODUCT_NAME = "$(TARGET_NAME)";
				SWIFT_VERSION = 5.0;
				TARGETED_DEVICE_FAMILY = "1,2";
				TEST_HOST = "$(BUILT_PRODUCTS_DIR)/aphv-ios.app/aphv-ios";
			};
			name = Debug;
		};
		E55570AF255A99C000BB269E /* Release */ = {
			isa = XCBuildConfiguration;
			buildSettings = {
				ALWAYS_EMBED_SWIFT_STANDARD_LIBRARIES = YES;
				BUNDLE_LOADER = "$(TEST_HOST)";
				CODE_SIGN_STYLE = Automatic;
				INFOPLIST_FILE = "aphv-iosTests/Info.plist";
				IPHONEOS_DEPLOYMENT_TARGET = 14.0;
				LD_RUNPATH_SEARCH_PATHS = (
					"$(inherited)",
					"@executable_path/Frameworks",
					"@loader_path/Frameworks",
				);
				PRODUCT_BUNDLE_IDENTIFIER = "groep2.aphv-iosTests";
				PRODUCT_NAME = "$(TARGET_NAME)";
				SWIFT_VERSION = 5.0;
				TARGETED_DEVICE_FAMILY = "1,2";
				TEST_HOST = "$(BUILT_PRODUCTS_DIR)/aphv-ios.app/aphv-ios";
			};
			name = Release;
		};
		E55570B1255A99C000BB269E /* Debug */ = {
			isa = XCBuildConfiguration;
			buildSettings = {
				ALWAYS_EMBED_SWIFT_STANDARD_LIBRARIES = YES;
				CODE_SIGN_STYLE = Automatic;
				INFOPLIST_FILE = "aphv-iosUITests/Info.plist";
				LD_RUNPATH_SEARCH_PATHS = (
					"$(inherited)",
					"@executable_path/Frameworks",
					"@loader_path/Frameworks",
				);
				PRODUCT_BUNDLE_IDENTIFIER = "groep2.aphv-iosUITests";
				PRODUCT_NAME = "$(TARGET_NAME)";
				SWIFT_VERSION = 5.0;
				TARGETED_DEVICE_FAMILY = "1,2";
				TEST_TARGET_NAME = "aphv-ios";
			};
			name = Debug;
		};
		E55570B2255A99C000BB269E /* Release */ = {
			isa = XCBuildConfiguration;
			buildSettings = {
				ALWAYS_EMBED_SWIFT_STANDARD_LIBRARIES = YES;
				CODE_SIGN_STYLE = Automatic;
				INFOPLIST_FILE = "aphv-iosUITests/Info.plist";
				LD_RUNPATH_SEARCH_PATHS = (
					"$(inherited)",
					"@executable_path/Frameworks",
					"@loader_path/Frameworks",
				);
				PRODUCT_BUNDLE_IDENTIFIER = "groep2.aphv-iosUITests";
				PRODUCT_NAME = "$(TARGET_NAME)";
				SWIFT_VERSION = 5.0;
				TARGETED_DEVICE_FAMILY = "1,2";
				TEST_TARGET_NAME = "aphv-ios";
			};
			name = Release;
		};
/* End XCBuildConfiguration section */

/* Begin XCConfigurationList section */
		E5557080255A99BF00BB269E /* Build configuration list for PBXProject "aphv-ios" */ = {
			isa = XCConfigurationList;
			buildConfigurations = (
				E55570A8255A99C000BB269E /* Debug */,
				E55570A9255A99C000BB269E /* Release */,
			);
			defaultConfigurationIsVisible = 0;
			defaultConfigurationName = Release;
		};
		E55570AA255A99C000BB269E /* Build configuration list for PBXNativeTarget "aphv-ios" */ = {
			isa = XCConfigurationList;
			buildConfigurations = (
				E55570AB255A99C000BB269E /* Debug */,
				E55570AC255A99C000BB269E /* Release */,
			);
			defaultConfigurationIsVisible = 0;
			defaultConfigurationName = Release;
		};
		E55570AD255A99C000BB269E /* Build configuration list for PBXNativeTarget "aphv-iosTests" */ = {
			isa = XCConfigurationList;
			buildConfigurations = (
				E55570AE255A99C000BB269E /* Debug */,
				E55570AF255A99C000BB269E /* Release */,
			);
			defaultConfigurationIsVisible = 0;
			defaultConfigurationName = Release;
		};
		E55570B0255A99C000BB269E /* Build configuration list for PBXNativeTarget "aphv-iosUITests" */ = {
			isa = XCConfigurationList;
			buildConfigurations = (
				E55570B1255A99C000BB269E /* Debug */,
				E55570B2255A99C000BB269E /* Release */,
			);
			defaultConfigurationIsVisible = 0;
			defaultConfigurationName = Release;
		};
/* End XCConfigurationList section */
	};
	rootObject = E555707D255A99BF00BB269E /* Project object */;
}
